
Microsoft Visual Studio Solution File, Format Version 12.00
Project("{FAE04EC0-301F-11D3-BF4B-00C04F79EFBC}") = "CommandLiners.Posix.Tests", "CommandLiners.Posix.Tests\CommandLiners.Posix.Tests.csproj", "{92E765D5-C0E2-47FF-AE51-FBA8491594B6}"
EndProject
Project("{FAE04EC0-301F-11D3-BF4B-00C04F79EFBC}") = "CommandLiners.Posix", "CommandLiners.Posix\CommandLiners.Posix.csproj", "{285A0E5E-3FD9-42B2-947B-35476732F250}"
EndProject
Project("{2150E333-8FDC-42A3-9474-1A3956D46DE8}") = "_", "_", "{F3D9CB2C-B7B6-48D0-B03E-3A8F528F3FD6}"
ProjectSection(SolutionItems) = preProject
	.gitignore = .gitignore
	README.md = README.md
	appveyor.yml = appveyor.yml
EndProjectSection
EndProject
Project("{FAE04EC0-301F-11D3-BF4B-00C04F79EFBC}") = "CommandLiners.Tests", "CommandLiners.Tests\CommandLiners.Tests.csproj", "{CF914FF1-EE98-4E00-AE3C-CAA3E874B99A}"
EndProject
Project("{FAE04EC0-301F-11D3-BF4B-00C04F79EFBC}") = "CommandLiners", "CommandLiners\CommandLiners.csproj", "{C0DF8CE7-4522-47B0-9E3C-5328DAF91995}"
EndProject
Project("{FAE04EC0-301F-11D3-BF4B-00C04F79EFBC}") = "CommandLiners.CommandLineUtils.Tests", "CommandLiners.CommandLineUtils.Tests\CommandLiners.CommandLineUtils.Tests.csproj", "{5288D43B-54D2-4D10-8FBF-7512B03E5823}"
EndProject
Project("{FAE04EC0-301F-11D3-BF4B-00C04F79EFBC}") = "CommandLiners.CommandLineUtils", "CommandLiners.CommandLineUtils\CommandLiners.CommandLineUtils.csproj", "{4DC646CC-2A48-484E-98B1-8C1E08B508F8}"
EndProject
Project("{FAE04EC0-301F-11D3-BF4B-00C04F79EFBC}") = "CommandLiners.MonoOptions", "CommandLiners.MonoOptions\CommandLiners.MonoOptions.csproj", "{73897E84-4A68-4B07-B02D-215FB7C8C066}"
EndProject
Project("{FAE04EC0-301F-11D3-BF4B-00C04F79EFBC}") = "CommandLiners.MonoOptions.Tests", "CommandLiners.MonoOptions.Tests\CommandLiners.MonoOptions.Tests.csproj", "{6423F3E4-6BDD-4A57-B495-B81BBA7F8120}"
EndProject
Project("{FAE04EC0-301F-11D3-BF4B-00C04F79EFBC}") = "CommandLiners.CommandLineParser", "CommandLiners.CommandLineParser\CommandLiners.CommandLineParser.csproj", "{4DFD6352-9B89-4C3A-ACD8-021BAB38B372}"
EndProject
Project("{2150E333-8FDC-42A3-9474-1A3956D46DE8}") = "CommandLineUtils", "CommandLineUtils", "{C067D69E-B378-452D-9A9F-F70EA4202523}"
EndProject
Project("{2150E333-8FDC-42A3-9474-1A3956D46DE8}") = "MonoOptions", "MonoOptions", "{16016DEC-422F-4484-9FDF-4DF090A8BFFD}"
EndProject
Project("{2150E333-8FDC-42A3-9474-1A3956D46DE8}") = "Posix", "Posix", "{792702A2-92E0-4060-970D-91B864E2BBDB}"
EndProject
Project("{2150E333-8FDC-42A3-9474-1A3956D46DE8}") = "CommandLineParser", "CommandLineParser", "{6935396D-4D1F-4648-9FD6-9D4069038C71}"
EndProject
Global
	GlobalSection(SolutionConfigurationPlatforms) = preSolution
		Debug|Any CPU = Debug|Any CPU
		Release|Any CPU = Release|Any CPU
	EndGlobalSection
	GlobalSection(ProjectConfigurationPlatforms) = postSolution
		{92E765D5-C0E2-47FF-AE51-FBA8491594B6}.Debug|Any CPU.ActiveCfg = Debug|Any CPU
		{92E765D5-C0E2-47FF-AE51-FBA8491594B6}.Debug|Any CPU.Build.0 = Debug|Any CPU
		{92E765D5-C0E2-47FF-AE51-FBA8491594B6}.Release|Any CPU.ActiveCfg = Release|Any CPU
		{92E765D5-C0E2-47FF-AE51-FBA8491594B6}.Release|Any CPU.Build.0 = Release|Any CPU
		{285A0E5E-3FD9-42B2-947B-35476732F250}.Debug|Any CPU.ActiveCfg = Debug|Any CPU
		{285A0E5E-3FD9-42B2-947B-35476732F250}.Debug|Any CPU.Build.0 = Debug|Any CPU
		{285A0E5E-3FD9-42B2-947B-35476732F250}.Release|Any CPU.ActiveCfg = Release|Any CPU
		{285A0E5E-3FD9-42B2-947B-35476732F250}.Release|Any CPU.Build.0 = Release|Any CPU
		{CF914FF1-EE98-4E00-AE3C-CAA3E874B99A}.Debug|Any CPU.ActiveCfg = Debug|Any CPU
		{CF914FF1-EE98-4E00-AE3C-CAA3E874B99A}.Debug|Any CPU.Build.0 = Debug|Any CPU
		{CF914FF1-EE98-4E00-AE3C-CAA3E874B99A}.Release|Any CPU.ActiveCfg = Release|Any CPU
		{CF914FF1-EE98-4E00-AE3C-CAA3E874B99A}.Release|Any CPU.Build.0 = Release|Any CPU
		{C0DF8CE7-4522-47B0-9E3C-5328DAF91995}.Debug|Any CPU.ActiveCfg = Debug|Any CPU
		{C0DF8CE7-4522-47B0-9E3C-5328DAF91995}.Debug|Any CPU.Build.0 = Debug|Any CPU
		{C0DF8CE7-4522-47B0-9E3C-5328DAF91995}.Release|Any CPU.ActiveCfg = Release|Any CPU
		{C0DF8CE7-4522-47B0-9E3C-5328DAF91995}.Release|Any CPU.Build.0 = Release|Any CPU
		{5288D43B-54D2-4D10-8FBF-7512B03E5823}.Debug|Any CPU.ActiveCfg = Debug|Any CPU
		{5288D43B-54D2-4D10-8FBF-7512B03E5823}.Debug|Any CPU.Build.0 = Debug|Any CPU
		{5288D43B-54D2-4D10-8FBF-7512B03E5823}.Release|Any CPU.ActiveCfg = Release|Any CPU
		{5288D43B-54D2-4D10-8FBF-7512B03E5823}.Release|Any CPU.Build.0 = Release|Any CPU
		{4DC646CC-2A48-484E-98B1-8C1E08B508F8}.Debug|Any CPU.ActiveCfg = Debug|Any CPU
		{4DC646CC-2A48-484E-98B1-8C1E08B508F8}.Debug|Any CPU.Build.0 = Debug|Any CPU
		{4DC646CC-2A48-484E-98B1-8C1E08B508F8}.Release|Any CPU.ActiveCfg = Release|Any CPU
		{4DC646CC-2A48-484E-98B1-8C1E08B508F8}.Release|Any CPU.Build.0 = Release|Any CPU
		{73897E84-4A68-4B07-B02D-215FB7C8C066}.Debug|Any CPU.ActiveCfg = Debug|Any CPU
		{73897E84-4A68-4B07-B02D-215FB7C8C066}.Debug|Any CPU.Build.0 = Debug|Any CPU
		{73897E84-4A68-4B07-B02D-215FB7C8C066}.Release|Any CPU.ActiveCfg = Release|Any CPU
		{73897E84-4A68-4B07-B02D-215FB7C8C066}.Release|Any CPU.Build.0 = Release|Any CPU
		{6423F3E4-6BDD-4A57-B495-B81BBA7F8120}.Debug|Any CPU.ActiveCfg = Debug|Any CPU
		{6423F3E4-6BDD-4A57-B495-B81BBA7F8120}.Debug|Any CPU.Build.0 = Debug|Any CPU
		{6423F3E4-6BDD-4A57-B495-B81BBA7F8120}.Release|Any CPU.ActiveCfg = Release|Any CPU
		{6423F3E4-6BDD-4A57-B495-B81BBA7F8120}.Release|Any CPU.Build.0 = Release|Any CPU
		{4DFD6352-9B89-4C3A-ACD8-021BAB38B372}.Debug|Any CPU.ActiveCfg = Debug|Any CPU
		{4DFD6352-9B89-4C3A-ACD8-021BAB38B372}.Debug|Any CPU.Build.0 = Debug|Any CPU
		{4DFD6352-9B89-4C3A-ACD8-021BAB38B372}.Release|Any CPU.ActiveCfg = Release|Any CPU
		{4DFD6352-9B89-4C3A-ACD8-021BAB38B372}.Release|Any CPU.Build.0 = Release|Any CPU
	EndGlobalSection
	GlobalSection(NestedProjects) = preSolution
		{4DC646CC-2A48-484E-98B1-8C1E08B508F8} = {C067D69E-B378-452D-9A9F-F70EA4202523}
		{5288D43B-54D2-4D10-8FBF-7512B03E5823} = {C067D69E-B378-452D-9A9F-F70EA4202523}
		{73897E84-4A68-4B07-B02D-215FB7C8C066} = {16016DEC-422F-4484-9FDF-4DF090A8BFFD}
		{6423F3E4-6BDD-4A57-B495-B81BBA7F8120} = {16016DEC-422F-4484-9FDF-4DF090A8BFFD}
		{285A0E5E-3FD9-42B2-947B-35476732F250} = {792702A2-92E0-4060-970D-91B864E2BBDB}
		{92E765D5-C0E2-47FF-AE51-FBA8491594B6} = {792702A2-92E0-4060-970D-91B864E2BBDB}
		{4DFD6352-9B89-4C3A-ACD8-021BAB38B372} = {6935396D-4D1F-4648-9FD6-9D4069038C71}
	EndGlobalSection
EndGlobal
